
Microsoft Visual Studio Solution File, Format Version 12.00
# Visual Studio Version 17
VisualStudioVersion = 17.5.002.0
MinimumVisualStudioVersion = 10.0.40219.1
Project("{9A19103F-16F7-4668-BE54-9A1E7A4F7556}") = "KwarterMaster", "KwarterMaster.csproj", "{3D6B452C-A05E-4370-95BE-998A6455E12E}"
EndProject
Global
	GlobalSection(SolutionConfigurationPlatforms) = preSolution
		Debug|Any CPU = Debug|Any CPU
		Release|Any CPU = Release|Any CPU
	EndGlobalSection
	GlobalSection(ProjectConfigurationPlatforms) = postSolution
		{3D6B452C-A05E-4370-95BE-998A6455E12E}.Debug|Any CPU.ActiveCfg = Debug|Any CPU
		{3D6B452C-A05E-4370-95BE-998A6455E12E}.Debug|Any CPU.Build.0 = Debug|Any CPU
		{3D6B452C-A05E-4370-95BE-998A6455E12E}.Release|Any CPU.ActiveCfg = Release|Any CPU
		{3D6B452C-A05E-4370-95BE-998A6455E12E}.Release|Any CPU.Build.0 = Release|Any CPU
	EndGlobalSection
	GlobalSection(SolutionProperties) = preSolution
		HideSolutionNode = FALSE
	EndGlobalSection
	GlobalSection(ExtensibilityGlobals) = postSolution
		SolutionGuid = {81FC1746-C6D4-41E8-888A-5D46484789AA}
	EndGlobalSection
EndGlobal
